
Microsoft Visual Studio Solution File, Format Version 12.00
# Visual Studio 14
VisualStudioVersion = 14.0.25420.1
MinimumVisualStudioVersion = 10.0.40219.1
Project("{2150E333-8FDC-42A3-9474-1A3956D46DE8}") = "Models", "Models", "{E60B3750-28CD-41AF-8243-48292259C673}"
EndProject
Project("{2150E333-8FDC-42A3-9474-1A3956D46DE8}") = "Interfaces", "Interfaces", "{71F1609E-E6D8-43AA-9141-1A3C47C70C51}"
EndProject
Project("{2150E333-8FDC-42A3-9474-1A3956D46DE8}") = "ViewModels", "ViewModels", "{55962BA2-6FBF-495A-AD2A-30519BD163B2}"
EndProject
Project("{2150E333-8FDC-42A3-9474-1A3956D46DE8}") = "Views", "Views", "{29DB9DDD-A6D6-4FAE-BC0C-78BA602B7B38}"
EndProject
Project("{2150E333-8FDC-42A3-9474-1A3956D46DE8}") = "Gui's", "Gui's", "{64986ED5-3340-49B6-92EB-DE828737E3F5}"
EndProject
Project("{FAE04EC0-301F-11D3-BF4B-00C04F79EFBC}") = "WPFGui", "WPFGui\WPFGui.csproj", "{DF886CE3-9C5D-48D6-A77A-30E610720838}"
EndProject
Project("{FAE04EC0-301F-11D3-BF4B-00C04F79EFBC}") = "Interfaces", "Interfaces\Interfaces.csproj", "{F101AADA-38AA-496F-953E-9F0577DD601A}"
EndProject
Project("{FAE04EC0-301F-11D3-BF4B-00C04F79EFBC}") = "Models", "Models\Models.csproj", "{580A18A9-85B0-4A3C-B1C4-1DCDCECCAC90}"
EndProject
Project("{FAE04EC0-301F-11D3-BF4B-00C04F79EFBC}") = "ViewModels", "ViewModels\ViewModels.csproj", "{B04FD1FF-8047-4A87-AED6-6DAE96DD87D3}"
EndProject
Project("{FAE04EC0-301F-11D3-BF4B-00C04F79EFBC}") = "Views", "Views\Views.csproj", "{CFABB386-9973-4E0E-AC6F-53BE1668EBF3}"
EndProject
Global
	GlobalSection(SolutionConfigurationPlatforms) = preSolution
		Debug|Any CPU = Debug|Any CPU
		Release|Any CPU = Release|Any CPU
	EndGlobalSection
	GlobalSection(ProjectConfigurationPlatforms) = postSolution
		{DF886CE3-9C5D-48D6-A77A-30E610720838}.Debug|Any CPU.ActiveCfg = Debug|Any CPU
		{DF886CE3-9C5D-48D6-A77A-30E610720838}.Debug|Any CPU.Build.0 = Debug|Any CPU
		{DF886CE3-9C5D-48D6-A77A-30E610720838}.Release|Any CPU.ActiveCfg = Release|Any CPU
		{DF886CE3-9C5D-48D6-A77A-30E610720838}.Release|Any CPU.Build.0 = Release|Any CPU
		{F101AADA-38AA-496F-953E-9F0577DD601A}.Debug|Any CPU.ActiveCfg = Debug|Any CPU
		{F101AADA-38AA-496F-953E-9F0577DD601A}.Debug|Any CPU.Build.0 = Debug|Any CPU
		{F101AADA-38AA-496F-953E-9F0577DD601A}.Release|Any CPU.ActiveCfg = Release|Any CPU
		{F101AADA-38AA-496F-953E-9F0577DD601A}.Release|Any CPU.Build.0 = Release|Any CPU
		{580A18A9-85B0-4A3C-B1C4-1DCDCECCAC90}.Debug|Any CPU.ActiveCfg = Debug|Any CPU
		{580A18A9-85B0-4A3C-B1C4-1DCDCECCAC90}.Debug|Any CPU.Build.0 = Debug|Any CPU
		{580A18A9-85B0-4A3C-B1C4-1DCDCECCAC90}.Release|Any CPU.ActiveCfg = Release|Any CPU
		{580A18A9-85B0-4A3C-B1C4-1DCDCECCAC90}.Release|Any CPU.Build.0 = Release|Any CPU
		{B04FD1FF-8047-4A87-AED6-6DAE96DD87D3}.Debug|Any CPU.ActiveCfg = Debug|Any CPU
		{B04FD1FF-8047-4A87-AED6-6DAE96DD87D3}.Debug|Any CPU.Build.0 = Debug|Any CPU
		{B04FD1FF-8047-4A87-AED6-6DAE96DD87D3}.Release|Any CPU.ActiveCfg = Release|Any CPU
		{B04FD1FF-8047-4A87-AED6-6DAE96DD87D3}.Release|Any CPU.Build.0 = Release|Any CPU
		{CFABB386-9973-4E0E-AC6F-53BE1668EBF3}.Debug|Any CPU.ActiveCfg = Debug|Any CPU
		{CFABB386-9973-4E0E-AC6F-53BE1668EBF3}.Debug|Any CPU.Build.0 = Debug|Any CPU
		{CFABB386-9973-4E0E-AC6F-53BE1668EBF3}.Release|Any CPU.ActiveCfg = Release|Any CPU
		{CFABB386-9973-4E0E-AC6F-53BE1668EBF3}.Release|Any CPU.Build.0 = Release|Any CPU
	EndGlobalSection
	GlobalSection(SolutionProperties) = preSolution
		HideSolutionNode = FALSE
	EndGlobalSection
	GlobalSection(NestedProjects) = preSolution
		{DF886CE3-9C5D-48D6-A77A-30E610720838} = {64986ED5-3340-49B6-92EB-DE828737E3F5}
		{F101AADA-38AA-496F-953E-9F0577DD601A} = {71F1609E-E6D8-43AA-9141-1A3C47C70C51}
		{580A18A9-85B0-4A3C-B1C4-1DCDCECCAC90} = {E60B3750-28CD-41AF-8243-48292259C673}
		{B04FD1FF-8047-4A87-AED6-6DAE96DD87D3} = {55962BA2-6FBF-495A-AD2A-30519BD163B2}
		{CFABB386-9973-4E0E-AC6F-53BE1668EBF3} = {29DB9DDD-A6D6-4FAE-BC0C-78BA602B7B38}
	EndGlobalSection
EndGlobal
